
Microsoft Visual Studio Solution File, Format Version 12.00
# Visual Studio Version 17
VisualStudioVersion = 17.2.32630.192
MinimumVisualStudioVersion = 10.0.40219.1
Project("{FAE04EC0-301F-11D3-BF4B-00C04F79EFBC}") = "LeetCodeSolutions", "LeetCodeSolutions\LeetCodeSolutions.csproj", "{05E0D84C-D5BA-4E5C-9798-0A7B992BB3BA}"
EndProject
Global
	GlobalSection(SolutionConfigurationPlatforms) = preSolution
		Debug|Any CPU = Debug|Any CPU
		Release|Any CPU = Release|Any CPU
	EndGlobalSection
	GlobalSection(ProjectConfigurationPlatforms) = postSolution
		{05E0D84C-D5BA-4E5C-9798-0A7B992BB3BA}.Debug|Any CPU.ActiveCfg = Debug|Any CPU
		{05E0D84C-D5BA-4E5C-9798-0A7B992BB3BA}.Debug|Any CPU.Build.0 = Debug|Any CPU
		{05E0D84C-D5BA-4E5C-9798-0A7B992BB3BA}.Release|Any CPU.ActiveCfg = Release|Any CPU
		{05E0D84C-D5BA-4E5C-9798-0A7B992BB3BA}.Release|Any CPU.Build.0 = Release|Any CPU
	EndGlobalSection
	GlobalSection(SolutionProperties) = preSolution
		HideSolutionNode = FALSE
	EndGlobalSection
	GlobalSection(ExtensibilityGlobals) = postSolution
		SolutionGuid = {B21981B2-C0AF-4224-B377-668D59702C92}
	EndGlobalSection
EndGlobal
